// !$*UTF8*$!
{
	archiveVersion = 1;
	classes = {
	};
	objectVersion = 56;
	objects = {

/* Begin PBXBuildFile section */
		E1193FE72A9E0D3800CCB0A5 /* ListTableViewCell.swift in Sources */ = {isa = PBXBuildFile; fileRef = E1193FE62A9E0D3800CCB0A5 /* ListTableViewCell.swift */; };
		E18206EB2A94C49400723685 /* AppDelegate.swift in Sources */ = {isa = PBXBuildFile; fileRef = E18206EA2A94C49400723685 /* AppDelegate.swift */; };
		E18206ED2A94C49400723685 /* SceneDelegate.swift in Sources */ = {isa = PBXBuildFile; fileRef = E18206EC2A94C49400723685 /* SceneDelegate.swift */; };
		E18206EF2A94C49400723685 /* WelcomeViewController.swift in Sources */ = {isa = PBXBuildFile; fileRef = E18206EE2A94C49400723685 /* WelcomeViewController.swift */; };
		E18206F42A94C49600723685 /* Assets.xcassets in Resources */ = {isa = PBXBuildFile; fileRef = E18206F32A94C49600723685 /* Assets.xcassets */; };
		E18206F72A94C49600723685 /* LaunchScreen.storyboard in Resources */ = {isa = PBXBuildFile; fileRef = E18206F52A94C49600723685 /* LaunchScreen.storyboard */; };
		E18207012A94C62200723685 /* LoginViewController.swift in Sources */ = {isa = PBXBuildFile; fileRef = E18207002A94C62200723685 /* LoginViewController.swift */; };
		E18207032A94C62B00723685 /* RegisterViewController.swift in Sources */ = {isa = PBXBuildFile; fileRef = E18207022A94C62B00723685 /* RegisterViewController.swift */; };
		E18207062A94F74A00723685 /* TabBarController.swift in Sources */ = {isa = PBXBuildFile; fileRef = E18207052A94F74A00723685 /* TabBarController.swift */; };
		E18207082A94F78B00723685 /* HomeViewController.swift in Sources */ = {isa = PBXBuildFile; fileRef = E18207072A94F78B00723685 /* HomeViewController.swift */; };
		E182070A2A94F7C700723685 /* ListViewController.swift in Sources */ = {isa = PBXBuildFile; fileRef = E18207092A94F7C700723685 /* ListViewController.swift */; };
		E182070C2A95017000723685 /* CollectionViewCell.swift in Sources */ = {isa = PBXBuildFile; fileRef = E182070B2A95017000723685 /* CollectionViewCell.swift */; };
		E182070E2A9502C800723685 /* HeaderCollectionReusableView.swift in Sources */ = {isa = PBXBuildFile; fileRef = E182070D2A9502C800723685 /* HeaderCollectionReusableView.swift */; };
		E18F68332A96236E009DEF08 /* DiaryViewController.swift in Sources */ = {isa = PBXBuildFile; fileRef = E18F68322A96236E009DEF08 /* DiaryViewController.swift */; };
		E18F68362A9627A3009DEF08 /* MoodModel.swift in Sources */ = {isa = PBXBuildFile; fileRef = E18F68352A9627A3009DEF08 /* MoodModel.swift */; };
		E18F68382A962C20009DEF08 /* GoogleService-Info.plist in Resources */ = {isa = PBXBuildFile; fileRef = E18F68372A962C20009DEF08 /* GoogleService-Info.plist */; };
		E18F683B2A962CB2009DEF08 /* FirebaseAnalytics in Frameworks */ = {isa = PBXBuildFile; productRef = E18F683A2A962CB2009DEF08 /* FirebaseAnalytics */; };
		E18F683D2A962CB2009DEF08 /* FirebaseAuth in Frameworks */ = {isa = PBXBuildFile; productRef = E18F683C2A962CB2009DEF08 /* FirebaseAuth */; };
		E18F683F2A962CB2009DEF08 /* FirebaseFirestore in Frameworks */ = {isa = PBXBuildFile; productRef = E18F683E2A962CB2009DEF08 /* FirebaseFirestore */; };
		E18F68422A963A82009DEF08 /* AuthManager.swift in Sources */ = {isa = PBXBuildFile; fileRef = E18F68412A963A82009DEF08 /* AuthManager.swift */; };
		E18F68442A964ED1009DEF08 /* DatabaseManager.swift in Sources */ = {isa = PBXBuildFile; fileRef = E18F68432A964ED1009DEF08 /* DatabaseManager.swift */; };
		E18F68472A9659A7009DEF08 /* LoginViewModel.swift in Sources */ = {isa = PBXBuildFile; fileRef = E18F68462A9659A7009DEF08 /* LoginViewModel.swift */; };
		E18F68492A9659B1009DEF08 /* RegisterViewModel.swift in Sources */ = {isa = PBXBuildFile; fileRef = E18F68482A9659B1009DEF08 /* RegisterViewModel.swift */; };
		E18F684B2A9659C2009DEF08 /* HomeViewModel.swift in Sources */ = {isa = PBXBuildFile; fileRef = E18F684A2A9659C2009DEF08 /* HomeViewModel.swift */; };
		E1E6850C2A9B7D770014A745 /* DiaryViewModel.swift in Sources */ = {isa = PBXBuildFile; fileRef = E1E6850B2A9B7D770014A745 /* DiaryViewModel.swift */; };
		E1E6850F2A9B947A0014A745 /* JGProgressHUD in Frameworks */ = {isa = PBXBuildFile; productRef = E1E6850E2A9B947A0014A745 /* JGProgressHUD */; };
/* End PBXBuildFile section */

/* Begin PBXFileReference section */
		E1193FE62A9E0D3800CCB0A5 /* ListTableViewCell.swift */ = {isa = PBXFileReference; lastKnownFileType = sourcecode.swift; path = ListTableViewCell.swift; sourceTree = "<group>"; };
		E18206E72A94C49400723685 /* MoodTracker.app */ = {isa = PBXFileReference; explicitFileType = wrapper.application; includeInIndex = 0; path = MoodTracker.app; sourceTree = BUILT_PRODUCTS_DIR; };
		E18206EA2A94C49400723685 /* AppDelegate.swift */ = {isa = PBXFileReference; lastKnownFileType = sourcecode.swift; path = AppDelegate.swift; sourceTree = "<group>"; };
		E18206EC2A94C49400723685 /* SceneDelegate.swift */ = {isa = PBXFileReference; lastKnownFileType = sourcecode.swift; path = SceneDelegate.swift; sourceTree = "<group>"; };
		E18206EE2A94C49400723685 /* WelcomeViewController.swift */ = {isa = PBXFileReference; lastKnownFileType = sourcecode.swift; path = WelcomeViewController.swift; sourceTree = "<group>"; };
		E18206F32A94C49600723685 /* Assets.xcassets */ = {isa = PBXFileReference; lastKnownFileType = folder.assetcatalog; path = Assets.xcassets; sourceTree = "<group>"; };
		E18206F62A94C49600723685 /* Base */ = {isa = PBXFileReference; lastKnownFileType = file.storyboard; name = Base; path = Base.lproj/LaunchScreen.storyboard; sourceTree = "<group>"; };
		E18206F82A94C49600723685 /* Info.plist */ = {isa = PBXFileReference; lastKnownFileType = text.plist.xml; path = Info.plist; sourceTree = "<group>"; };
		E18207002A94C62200723685 /* LoginViewController.swift */ = {isa = PBXFileReference; lastKnownFileType = sourcecode.swift; path = LoginViewController.swift; sourceTree = "<group>"; };
		E18207022A94C62B00723685 /* RegisterViewController.swift */ = {isa = PBXFileReference; lastKnownFileType = sourcecode.swift; path = RegisterViewController.swift; sourceTree = "<group>"; };
		E18207052A94F74A00723685 /* TabBarController.swift */ = {isa = PBXFileReference; lastKnownFileType = sourcecode.swift; path = TabBarController.swift; sourceTree = "<group>"; };
		E18207072A94F78B00723685 /* HomeViewController.swift */ = {isa = PBXFileReference; lastKnownFileType = sourcecode.swift; path = HomeViewController.swift; sourceTree = "<group>"; };
		E18207092A94F7C700723685 /* ListViewController.swift */ = {isa = PBXFileReference; lastKnownFileType = sourcecode.swift; path = ListViewController.swift; sourceTree = "<group>"; };
		E182070B2A95017000723685 /* CollectionViewCell.swift */ = {isa = PBXFileReference; lastKnownFileType = sourcecode.swift; path = CollectionViewCell.swift; sourceTree = "<group>"; };
		E182070D2A9502C800723685 /* HeaderCollectionReusableView.swift */ = {isa = PBXFileReference; lastKnownFileType = sourcecode.swift; path = HeaderCollectionReusableView.swift; sourceTree = "<group>"; };
		E18F68322A96236E009DEF08 /* DiaryViewController.swift */ = {isa = PBXFileReference; lastKnownFileType = sourcecode.swift; path = DiaryViewController.swift; sourceTree = "<group>"; };
		E18F68352A9627A3009DEF08 /* MoodModel.swift */ = {isa = PBXFileReference; lastKnownFileType = sourcecode.swift; path = MoodModel.swift; sourceTree = "<group>"; };
		E18F68372A962C20009DEF08 /* GoogleService-Info.plist */ = {isa = PBXFileReference; fileEncoding = 4; lastKnownFileType = text.plist.xml; path = "GoogleService-Info.plist"; sourceTree = "<group>"; };
		E18F68412A963A82009DEF08 /* AuthManager.swift */ = {isa = PBXFileReference; lastKnownFileType = sourcecode.swift; path = AuthManager.swift; sourceTree = "<group>"; };
		E18F68432A964ED1009DEF08 /* DatabaseManager.swift */ = {isa = PBXFileReference; lastKnownFileType = sourcecode.swift; path = DatabaseManager.swift; sourceTree = "<group>"; };
		E18F68462A9659A7009DEF08 /* LoginViewModel.swift */ = {isa = PBXFileReference; lastKnownFileType = sourcecode.swift; path = LoginViewModel.swift; sourceTree = "<group>"; };
		E18F68482A9659B1009DEF08 /* RegisterViewModel.swift */ = {isa = PBXFileReference; lastKnownFileType = sourcecode.swift; path = RegisterViewModel.swift; sourceTree = "<group>"; };
		E18F684A2A9659C2009DEF08 /* HomeViewModel.swift */ = {isa = PBXFileReference; lastKnownFileType = sourcecode.swift; path = HomeViewModel.swift; sourceTree = "<group>"; };
		E1E6850B2A9B7D770014A745 /* DiaryViewModel.swift */ = {isa = PBXFileReference; lastKnownFileType = sourcecode.swift; path = DiaryViewModel.swift; sourceTree = "<group>"; };
/* End PBXFileReference section */

/* Begin PBXFrameworksBuildPhase section */
		E18206E42A94C49400723685 /* Frameworks */ = {
			isa = PBXFrameworksBuildPhase;
			buildActionMask = 2147483647;
			files = (
				E1E6850F2A9B947A0014A745 /* JGProgressHUD in Frameworks */,
				E18F683B2A962CB2009DEF08 /* FirebaseAnalytics in Frameworks */,
				E18F683D2A962CB2009DEF08 /* FirebaseAuth in Frameworks */,
				E18F683F2A962CB2009DEF08 /* FirebaseFirestore in Frameworks */,
			);
			runOnlyForDeploymentPostprocessing = 0;
		};
/* End PBXFrameworksBuildPhase section */

/* Begin PBXGroup section */
		E18206DE2A94C49400723685 = {
			isa = PBXGroup;
			children = (
				E18206E92A94C49400723685 /* MoodTracker */,
				E18206E82A94C49400723685 /* Products */,
			);
			sourceTree = "<group>";
		};
		E18206E82A94C49400723685 /* Products */ = {
			isa = PBXGroup;
			children = (
				E18206E72A94C49400723685 /* MoodTracker.app */,
			);
			name = Products;
			sourceTree = "<group>";
		};
		E18206E92A94C49400723685 /* MoodTracker */ = {
			isa = PBXGroup;
			children = (
				E18F68402A963A78009DEF08 /* Managers */,
				E18206FF2A94C60800723685 /* Delegates */,
				E18F68452A965986009DEF08 /* ViewModels */,
				E18206FE2A94C5FE00723685 /* ViewControllers */,
				E18207042A94F70F00723685 /* Controllers */,
				E18F68342A962797009DEF08 /* Model */,
				E18206F32A94C49600723685 /* Assets.xcassets */,
				E18206F52A94C49600723685 /* LaunchScreen.storyboard */,
				E18206F82A94C49600723685 /* Info.plist */,
				E18F68372A962C20009DEF08 /* GoogleService-Info.plist */,
			);
			path = MoodTracker;
			sourceTree = "<group>";
		};
		E18206FE2A94C5FE00723685 /* ViewControllers */ = {
			isa = PBXGroup;
			children = (
				E18206EE2A94C49400723685 /* WelcomeViewController.swift */,
				E18207022A94C62B00723685 /* RegisterViewController.swift */,
				E18207002A94C62200723685 /* LoginViewController.swift */,
				E18207072A94F78B00723685 /* HomeViewController.swift */,
				E18F68322A96236E009DEF08 /* DiaryViewController.swift */,
				E18207092A94F7C700723685 /* ListViewController.swift */,
			);
			path = ViewControllers;
			sourceTree = "<group>";
		};
		E18206FF2A94C60800723685 /* Delegates */ = {
			isa = PBXGroup;
			children = (
				E18206EA2A94C49400723685 /* AppDelegate.swift */,
				E18206EC2A94C49400723685 /* SceneDelegate.swift */,
			);
			path = Delegates;
			sourceTree = "<group>";
		};
		E18207042A94F70F00723685 /* Controllers */ = {
			isa = PBXGroup;
			children = (
				E18207052A94F74A00723685 /* TabBarController.swift */,
				E182070B2A95017000723685 /* CollectionViewCell.swift */,
				E182070D2A9502C800723685 /* HeaderCollectionReusableView.swift */,
				E1193FE62A9E0D3800CCB0A5 /* ListTableViewCell.swift */,
			);
			path = Controllers;
			sourceTree = "<group>";
		};
		E18F68342A962797009DEF08 /* Model */ = {
			isa = PBXGroup;
			children = (
				E18F68352A9627A3009DEF08 /* MoodModel.swift */,
			);
			path = Model;
			sourceTree = "<group>";
		};
		E18F68402A963A78009DEF08 /* Managers */ = {
			isa = PBXGroup;
			children = (
				E18F68412A963A82009DEF08 /* AuthManager.swift */,
				E18F68432A964ED1009DEF08 /* DatabaseManager.swift */,
			);
			path = Managers;
			sourceTree = "<group>";
		};
		E18F68452A965986009DEF08 /* ViewModels */ = {
			isa = PBXGroup;
			children = (
				E18F68462A9659A7009DEF08 /* LoginViewModel.swift */,
				E18F68482A9659B1009DEF08 /* RegisterViewModel.swift */,
				E18F684A2A9659C2009DEF08 /* HomeViewModel.swift */,
				E1E6850B2A9B7D770014A745 /* DiaryViewModel.swift */,
			);
			path = ViewModels;
			sourceTree = "<group>";
		};
/* End PBXGroup section */

/* Begin PBXNativeTarget section */
		E18206E62A94C49400723685 /* MoodTracker */ = {
			isa = PBXNativeTarget;
			buildConfigurationList = E18206FB2A94C49600723685 /* Build configuration list for PBXNativeTarget "MoodTracker" */;
			buildPhases = (
				E18206E32A94C49400723685 /* Sources */,
				E18206E42A94C49400723685 /* Frameworks */,
				E18206E52A94C49400723685 /* Resources */,
			);
			buildRules = (
			);
			dependencies = (
			);
			name = MoodTracker;
			packageProductDependencies = (
				E18F683A2A962CB2009DEF08 /* FirebaseAnalytics */,
				E18F683C2A962CB2009DEF08 /* FirebaseAuth */,
				E18F683E2A962CB2009DEF08 /* FirebaseFirestore */,
				E1E6850E2A9B947A0014A745 /* JGProgressHUD */,
			);
			productName = MoodTracker;
			productReference = E18206E72A94C49400723685 /* MoodTracker.app */;
			productType = "com.apple.product-type.application";
		};
/* End PBXNativeTarget section */

/* Begin PBXProject section */
		E18206DF2A94C49400723685 /* Project object */ = {
			isa = PBXProject;
			attributes = {
				BuildIndependentTargetsInParallel = 1;
				LastSwiftUpdateCheck = 1430;
				LastUpgradeCheck = 1430;
				TargetAttributes = {
					E18206E62A94C49400723685 = {
						CreatedOnToolsVersion = 14.3.1;
					};
				};
			};
			buildConfigurationList = E18206E22A94C49400723685 /* Build configuration list for PBXProject "MoodTracker" */;
			compatibilityVersion = "Xcode 14.0";
			developmentRegion = en;
			hasScannedForEncodings = 0;
			knownRegions = (
				en,
				Base,
			);
			mainGroup = E18206DE2A94C49400723685;
			packageReferences = (
				E18F68392A962CB2009DEF08 /* XCRemoteSwiftPackageReference "firebase-ios-sdk" */,
				E1E6850D2A9B947A0014A745 /* XCRemoteSwiftPackageReference "JGProgressHUD" */,
			);
			productRefGroup = E18206E82A94C49400723685 /* Products */;
			projectDirPath = "";
			projectRoot = "";
			targets = (
				E18206E62A94C49400723685 /* MoodTracker */,
			);
		};
/* End PBXProject section */

/* Begin PBXResourcesBuildPhase section */
		E18206E52A94C49400723685 /* Resources */ = {
			isa = PBXResourcesBuildPhase;
			buildActionMask = 2147483647;
			files = (
				E18206F72A94C49600723685 /* LaunchScreen.storyboard in Resources */,
				E18206F42A94C49600723685 /* Assets.xcassets in Resources */,
				E18F68382A962C20009DEF08 /* GoogleService-Info.plist in Resources */,
			);
			runOnlyForDeploymentPostprocessing = 0;
		};
/* End PBXResourcesBuildPhase section */

/* Begin PBXSourcesBuildPhase section */
		E18206E32A94C49400723685 /* Sources */ = {
			isa = PBXSourcesBuildPhase;
			buildActionMask = 2147483647;
			files = (
				E18F684B2A9659C2009DEF08 /* HomeViewModel.swift in Sources */,
				E18207012A94C62200723685 /* LoginViewController.swift in Sources */,
				E18207032A94C62B00723685 /* RegisterViewController.swift in Sources */,
				E182070C2A95017000723685 /* CollectionViewCell.swift in Sources */,
				E18F68492A9659B1009DEF08 /* RegisterViewModel.swift in Sources */,
				E18F68442A964ED1009DEF08 /* DatabaseManager.swift in Sources */,
				E1E6850C2A9B7D770014A745 /* DiaryViewModel.swift in Sources */,
				E18F68422A963A82009DEF08 /* AuthManager.swift in Sources */,
				E1193FE72A9E0D3800CCB0A5 /* ListTableViewCell.swift in Sources */,
				E18F68332A96236E009DEF08 /* DiaryViewController.swift in Sources */,
				E18206EF2A94C49400723685 /* WelcomeViewController.swift in Sources */,
				E18207062A94F74A00723685 /* TabBarController.swift in Sources */,
				E18F68472A9659A7009DEF08 /* LoginViewModel.swift in Sources */,
				E18F68362A9627A3009DEF08 /* MoodModel.swift in Sources */,
				E18206EB2A94C49400723685 /* AppDelegate.swift in Sources */,
				E18207082A94F78B00723685 /* HomeViewController.swift in Sources */,
				E182070A2A94F7C700723685 /* ListViewController.swift in Sources */,
				E182070E2A9502C800723685 /* HeaderCollectionReusableView.swift in Sources */,
				E18206ED2A94C49400723685 /* SceneDelegate.swift in Sources */,
			);
			runOnlyForDeploymentPostprocessing = 0;
		};
/* End PBXSourcesBuildPhase section */

/* Begin PBXVariantGroup section */
		E18206F52A94C49600723685 /* LaunchScreen.storyboard */ = {
			isa = PBXVariantGroup;
			children = (
				E18206F62A94C49600723685 /* Base */,
			);
			name = LaunchScreen.storyboard;
			sourceTree = "<group>";
		};
/* End PBXVariantGroup section */

/* Begin XCBuildConfiguration section */
		E18206F92A94C49600723685 /* Debug */ = {
			isa = XCBuildConfiguration;
			buildSettings = {
				ALWAYS_SEARCH_USER_PATHS = NO;
				CLANG_ANALYZER_NONNULL = YES;
				CLANG_ANALYZER_NUMBER_OBJECT_CONVERSION = YES_AGGRESSIVE;
				CLANG_CXX_LANGUAGE_STANDARD = "gnu++20";
				CLANG_ENABLE_MODULES = YES;
				CLANG_ENABLE_OBJC_ARC = YES;
				CLANG_ENABLE_OBJC_WEAK = YES;
				CLANG_WARN_BLOCK_CAPTURE_AUTORELEASING = YES;
				CLANG_WARN_BOOL_CONVERSION = YES;
				CLANG_WARN_COMMA = YES;
				CLANG_WARN_CONSTANT_CONVERSION = YES;
				CLANG_WARN_DEPRECATED_OBJC_IMPLEMENTATIONS = YES;
				CLANG_WARN_DIRECT_OBJC_ISA_USAGE = YES_ERROR;
				CLANG_WARN_DOCUMENTATION_COMMENTS = YES;
				CLANG_WARN_EMPTY_BODY = YES;
				CLANG_WARN_ENUM_CONVERSION = YES;
				CLANG_WARN_INFINITE_RECURSION = YES;
				CLANG_WARN_INT_CONVERSION = YES;
				CLANG_WARN_NON_LITERAL_NULL_CONVERSION = YES;
				CLANG_WARN_OBJC_IMPLICIT_RETAIN_SELF = YES;
				CLANG_WARN_OBJC_LITERAL_CONVERSION = YES;
				CLANG_WARN_OBJC_ROOT_CLASS = YES_ERROR;
				CLANG_WARN_QUOTED_INCLUDE_IN_FRAMEWORK_HEADER = YES;
				CLANG_WARN_RANGE_LOOP_ANALYSIS = YES;
				CLANG_WARN_STRICT_PROTOTYPES = YES;
				CLANG_WARN_SUSPICIOUS_MOVE = YES;
				CLANG_WARN_UNGUARDED_AVAILABILITY = YES_AGGRESSIVE;
				CLANG_WARN_UNREACHABLE_CODE = YES;
				CLANG_WARN__DUPLICATE_METHOD_MATCH = YES;
				COPY_PHASE_STRIP = NO;
				DEBUG_INFORMATION_FORMAT = dwarf;
				ENABLE_STRICT_OBJC_MSGSEND = YES;
				ENABLE_TESTABILITY = YES;
				GCC_C_LANGUAGE_STANDARD = gnu11;
				GCC_DYNAMIC_NO_PIC = NO;
				GCC_NO_COMMON_BLOCKS = YES;
				GCC_OPTIMIZATION_LEVEL = 0;
				GCC_PREPROCESSOR_DEFINITIONS = (
					"DEBUG=1",
					"$(inherited)",
				);
				GCC_WARN_64_TO_32_BIT_CONVERSION = YES;
				GCC_WARN_ABOUT_RETURN_TYPE = YES_ERROR;
				GCC_WARN_UNDECLARED_SELECTOR = YES;
				GCC_WARN_UNINITIALIZED_AUTOS = YES_AGGRESSIVE;
				GCC_WARN_UNUSED_FUNCTION = YES;
				GCC_WARN_UNUSED_VARIABLE = YES;
				IPHONEOS_DEPLOYMENT_TARGET = 16.4;
				MTL_ENABLE_DEBUG_INFO = INCLUDE_SOURCE;
				MTL_FAST_MATH = YES;
				ONLY_ACTIVE_ARCH = YES;
				SDKROOT = iphoneos;
				SWIFT_ACTIVE_COMPILATION_CONDITIONS = DEBUG;
				SWIFT_OPTIMIZATION_LEVEL = "-Onone";
			};
			name = Debug;
		};
		E18206FA2A94C49600723685 /* Release */ = {
			isa = XCBuildConfiguration;
			buildSettings = {
				ALWAYS_SEARCH_USER_PATHS = NO;
				CLANG_ANALYZER_NONNULL = YES;
				CLANG_ANALYZER_NUMBER_OBJECT_CONVERSION = YES_AGGRESSIVE;
				CLANG_CXX_LANGUAGE_STANDARD = "gnu++20";
				CLANG_ENABLE_MODULES = YES;
				CLANG_ENABLE_OBJC_ARC = YES;
				CLANG_ENABLE_OBJC_WEAK = YES;
				CLANG_WARN_BLOCK_CAPTURE_AUTORELEASING = YES;
				CLANG_WARN_BOOL_CONVERSION = YES;
				CLANG_WARN_COMMA = YES;
				CLANG_WARN_CONSTANT_CONVERSION = YES;
				CLANG_WARN_DEPRECATED_OBJC_IMPLEMENTATIONS = YES;
				CLANG_WARN_DIRECT_OBJC_ISA_USAGE = YES_ERROR;
				CLANG_WARN_DOCUMENTATION_COMMENTS = YES;
				CLANG_WARN_EMPTY_BODY = YES;
				CLANG_WARN_ENUM_CONVERSION = YES;
				CLANG_WARN_INFINITE_RECURSION = YES;
				CLANG_WARN_INT_CONVERSION = YES;
				CLANG_WARN_NON_LITERAL_NULL_CONVERSION = YES;
				CLANG_WARN_OBJC_IMPLICIT_RETAIN_SELF = YES;
				CLANG_WARN_OBJC_LITERAL_CONVERSION = YES;
				CLANG_WARN_OBJC_ROOT_CLASS = YES_ERROR;
				CLANG_WARN_QUOTED_INCLUDE_IN_FRAMEWORK_HEADER = YES;
				CLANG_WARN_RANGE_LOOP_ANALYSIS = YES;
				CLANG_WARN_STRICT_PROTOTYPES = YES;
				CLANG_WARN_SUSPICIOUS_MOVE = YES;
				CLANG_WARN_UNGUARDED_AVAILABILITY = YES_AGGRESSIVE;
				CLANG_WARN_UNREACHABLE_CODE = YES;
				CLANG_WARN__DUPLICATE_METHOD_MATCH = YES;
				COPY_PHASE_STRIP = NO;
				DEBUG_INFORMATION_FORMAT = "dwarf-with-dsym";
				ENABLE_NS_ASSERTIONS = NO;
				ENABLE_STRICT_OBJC_MSGSEND = YES;
				GCC_C_LANGUAGE_STANDARD = gnu11;
				GCC_NO_COMMON_BLOCKS = YES;
				GCC_WARN_64_TO_32_BIT_CONVERSION = YES;
				GCC_WARN_ABOUT_RETURN_TYPE = YES_ERROR;
				GCC_WARN_UNDECLARED_SELECTOR = YES;
				GCC_WARN_UNINITIALIZED_AUTOS = YES_AGGRESSIVE;
				GCC_WARN_UNUSED_FUNCTION = YES;
				GCC_WARN_UNUSED_VARIABLE = YES;
				IPHONEOS_DEPLOYMENT_TARGET = 16.4;
				MTL_ENABLE_DEBUG_INFO = NO;
				MTL_FAST_MATH = YES;
				SDKROOT = iphoneos;
				SWIFT_COMPILATION_MODE = wholemodule;
				SWIFT_OPTIMIZATION_LEVEL = "-O";
				VALIDATE_PRODUCT = YES;
			};
			name = Release;
		};
		E18206FC2A94C49600723685 /* Debug */ = {
			isa = XCBuildConfiguration;
			buildSettings = {
				ASSETCATALOG_COMPILER_APPICON_NAME = AppIcon;
				ASSETCATALOG_COMPILER_GLOBAL_ACCENT_COLOR_NAME = AccentColor;
				CODE_SIGN_STYLE = Automatic;
				CURRENT_PROJECT_VERSION = 1;
				DEVELOPMENT_TEAM = 5U3H44JGNP;
				GENERATE_INFOPLIST_FILE = YES;
				INFOPLIST_FILE = MoodTracker/Info.plist;
				INFOPLIST_KEY_UIApplicationSupportsIndirectInputEvents = YES;
				INFOPLIST_KEY_UILaunchStoryboardName = LaunchScreen;
				INFOPLIST_KEY_UISupportedInterfaceOrientations_iPad = "UIInterfaceOrientationPortrait UIInterfaceOrientationPortraitUpsideDown UIInterfaceOrientationLandscapeLeft UIInterfaceOrientationLandscapeRight";
				INFOPLIST_KEY_UISupportedInterfaceOrientations_iPhone = "UIInterfaceOrientationPortrait UIInterfaceOrientationLandscapeLeft UIInterfaceOrientationLandscapeRight";
				LD_RUNPATH_SEARCH_PATHS = (
					"$(inherited)",
					"@executable_path/Frameworks",
				);
				MARKETING_VERSION = 1.0;
				PRODUCT_BUNDLE_IDENTIFIER = com.altankoray.MoodTracker;
				PRODUCT_NAME = "$(TARGET_NAME)";
				SWIFT_EMIT_LOC_STRINGS = YES;
				SWIFT_VERSION = 5.0;
				TARGETED_DEVICE_FAMILY = "1,2";
			};
			name = Debug;
		};
		E18206FD2A94C49600723685 /* Release */ = {
			isa = XCBuildConfiguration;
			buildSettings = {
				ASSETCATALOG_COMPILER_APPICON_NAME = AppIcon;
				ASSETCATALOG_COMPILER_GLOBAL_ACCENT_COLOR_NAME = AccentColor;
				CODE_SIGN_STYLE = Automatic;
				CURRENT_PROJECT_VERSION = 1;
				DEVELOPMENT_TEAM = 5U3H44JGNP;
				GENERATE_INFOPLIST_FILE = YES;
				INFOPLIST_FILE = MoodTracker/Info.plist;
				INFOPLIST_KEY_UIApplicationSupportsIndirectInputEvents = YES;
				INFOPLIST_KEY_UILaunchStoryboardName = LaunchScreen;
				INFOPLIST_KEY_UISupportedInterfaceOrientations_iPad = "UIInterfaceOrientationPortrait UIInterfaceOrientationPortraitUpsideDown UIInterfaceOrientationLandscapeLeft UIInterfaceOrientationLandscapeRight";
				INFOPLIST_KEY_UISupportedInterfaceOrientations_iPhone = "UIInterfaceOrientationPortrait UIInterfaceOrientationLandscapeLeft UIInterfaceOrientationLandscapeRight";
				LD_RUNPATH_SEARCH_PATHS = (
					"$(inherited)",
					"@executable_path/Frameworks",
				);
				MARKETING_VERSION = 1.0;
				PRODUCT_BUNDLE_IDENTIFIER = com.altankoray.MoodTracker;
				PRODUCT_NAME = "$(TARGET_NAME)";
				SWIFT_EMIT_LOC_STRINGS = YES;
				SWIFT_VERSION = 5.0;
				TARGETED_DEVICE_FAMILY = "1,2";
			};
			name = Release;
		};
/* End XCBuildConfiguration section */

/* Begin XCConfigurationList section */
		E18206E22A94C49400723685 /* Build configuration list for PBXProject "MoodTracker" */ = {
			isa = XCConfigurationList;
			buildConfigurations = (
				E18206F92A94C49600723685 /* Debug */,
				E18206FA2A94C49600723685 /* Release */,
			);
			defaultConfigurationIsVisible = 0;
			defaultConfigurationName = Release;
		};
		E18206FB2A94C49600723685 /* Build configuration list for PBXNativeTarget "MoodTracker" */ = {
			isa = XCConfigurationList;
			buildConfigurations = (
				E18206FC2A94C49600723685 /* Debug */,
				E18206FD2A94C49600723685 /* Release */,
			);
			defaultConfigurationIsVisible = 0;
			defaultConfigurationName = Release;
		};
/* End XCConfigurationList section */

/* Begin XCRemoteSwiftPackageReference section */
		E18F68392A962CB2009DEF08 /* XCRemoteSwiftPackageReference "firebase-ios-sdk" */ = {
			isa = XCRemoteSwiftPackageReference;
			repositoryURL = "https://github.com/firebase/firebase-ios-sdk";
			requirement = {
				kind = upToNextMajorVersion;
				minimumVersion = 10.0.0;
			};
		};
		E1E6850D2A9B947A0014A745 /* XCRemoteSwiftPackageReference "JGProgressHUD" */ = {
			isa = XCRemoteSwiftPackageReference;
			repositoryURL = "https://github.com/JonasGessner/JGProgressHUD.git";
			requirement = {
				kind = upToNextMajorVersion;
				minimumVersion = 2.0.0;
			};
		};
/* End XCRemoteSwiftPackageReference section */

/* Begin XCSwiftPackageProductDependency section */
		E18F683A2A962CB2009DEF08 /* FirebaseAnalytics */ = {
			isa = XCSwiftPackageProductDependency;
			package = E18F68392A962CB2009DEF08 /* XCRemoteSwiftPackageReference "firebase-ios-sdk" */;
			productName = FirebaseAnalytics;
		};
		E18F683C2A962CB2009DEF08 /* FirebaseAuth */ = {
			isa = XCSwiftPackageProductDependency;
			package = E18F68392A962CB2009DEF08 /* XCRemoteSwiftPackageReference "firebase-ios-sdk" */;
			productName = FirebaseAuth;
		};
		E18F683E2A962CB2009DEF08 /* FirebaseFirestore */ = {
			isa = XCSwiftPackageProductDependency;
			package = E18F68392A962CB2009DEF08 /* XCRemoteSwiftPackageReference "firebase-ios-sdk" */;
			productName = FirebaseFirestore;
		};
		E1E6850E2A9B947A0014A745 /* JGProgressHUD */ = {
			isa = XCSwiftPackageProductDependency;
			package = E1E6850D2A9B947A0014A745 /* XCRemoteSwiftPackageReference "JGProgressHUD" */;
			productName = JGProgressHUD;
		};
/* End XCSwiftPackageProductDependency section */
	};
	rootObject = E18206DF2A94C49400723685 /* Project object */;
}
